// !$*UTF8*$!
{
	archiveVersion = 1;
	classes = {
	};
	objectVersion = 56;
	objects = {

/* Begin PBXBuildFile section */
		2C1B2A3E06B8ECDAC07CE288 /* Pods_Yellow_submarine.framework in Frameworks */ = {isa = PBXBuildFile; fileRef = 285213F33B205B6A6E80B2EE /* Pods_Yellow_submarine.framework */; };
		438A869A29C5DCD600BFFAD1 /* AudioPlayerBrain.swift in Sources */ = {isa = PBXBuildFile; fileRef = 438A869929C5DCD600BFFAD1 /* AudioPlayerBrain.swift */; };
		438BD05E29C492D6002D73F0 /* RecordsData.xcdatamodeld in Sources */ = {isa = PBXBuildFile; fileRef = 438BD05C29C492D6002D73F0 /* RecordsData.xcdatamodeld */; };
		43A9E3EB29AFB4C90044EA41 /* SettingsViewController.storyboard in Resources */ = {isa = PBXBuildFile; fileRef = 43A9E3EA29AFB4C90044EA41 /* SettingsViewController.storyboard */; };
		43A9E3ED29AFCF5E0044EA41 /* RecordsViewController.storyboard in Resources */ = {isa = PBXBuildFile; fileRef = 43A9E3EC29AFCF5E0044EA41 /* RecordsViewController.storyboard */; };
		43BDBF55299FAE7E004C5B73 /* AppDelegate.swift in Sources */ = {isa = PBXBuildFile; fileRef = 43BDBF54299FAE7E004C5B73 /* AppDelegate.swift */; };
		43BDBF57299FAE7E004C5B73 /* SceneDelegate.swift in Sources */ = {isa = PBXBuildFile; fileRef = 43BDBF56299FAE7E004C5B73 /* SceneDelegate.swift */; };
		43BDBF5E299FAE80004C5B73 /* Assets.xcassets in Resources */ = {isa = PBXBuildFile; fileRef = 43BDBF5D299FAE80004C5B73 /* Assets.xcassets */; };
		43BDBF69299FAE9C004C5B73 /* GameViewController.storyboard in Resources */ = {isa = PBXBuildFile; fileRef = 43BDBF68299FAE9B004C5B73 /* GameViewController.storyboard */; };
		43BDBF6B299FAF21004C5B73 /* LaunchScreen.storyboard in Resources */ = {isa = PBXBuildFile; fileRef = 43BDBF6A299FAF21004C5B73 /* LaunchScreen.storyboard */; };
		43BDBF70299FB02D004C5B73 /* GameViewController.swift in Sources */ = {isa = PBXBuildFile; fileRef = 43BDBF6F299FB02D004C5B73 /* GameViewController.swift */; };
		43BDBF72299FB033004C5B73 /* RecordsViewController.swift in Sources */ = {isa = PBXBuildFile; fileRef = 43BDBF71299FB033004C5B73 /* RecordsViewController.swift */; };
		43BDBF74299FB037004C5B73 /* StartGameViewController.swift in Sources */ = {isa = PBXBuildFile; fileRef = 43BDBF73299FB037004C5B73 /* StartGameViewController.swift */; };
		43BDBF76299FB03F004C5B73 /* SettingsViewController.swift in Sources */ = {isa = PBXBuildFile; fileRef = 43BDBF75299FB03F004C5B73 /* SettingsViewController.swift */; };
		43BDBF8A299FB33E004C5B73 /* MoveSingleTon.swift in Sources */ = {isa = PBXBuildFile; fileRef = 43BDBF89299FB33E004C5B73 /* MoveSingleTon.swift */; };
		43BDBF9A299FB3C8004C5B73 /* Settings.swift in Sources */ = {isa = PBXBuildFile; fileRef = 43BDBF91299FB3C7004C5B73 /* Settings.swift */; };
		43BDBF9B299FB3C8004C5B73 /* RecordCell.swift in Sources */ = {isa = PBXBuildFile; fileRef = 43BDBF93299FB3C7004C5B73 /* RecordCell.swift */; };
		43BDBF9D299FB3C8004C5B73 /* RecordsManager.swift in Sources */ = {isa = PBXBuildFile; fileRef = 43BDBF95299FB3C7004C5B73 /* RecordsManager.swift */; };
		43BDBFA3299FB42E004C5B73 /* submarineOst.mp3 in Resources */ = {isa = PBXBuildFile; fileRef = 43BDBFA2299FB42E004C5B73 /* submarineOst.mp3 */; };
		43BDBFA5299FB46F004C5B73 /* UIview + Extension.swift in Sources */ = {isa = PBXBuildFile; fileRef = 43BDBFA4299FB46F004C5B73 /* UIview + Extension.swift */; };
		43F0989F29ACEE6A00DD4386 /* StartController.storyboard in Resources */ = {isa = PBXBuildFile; fileRef = 43F0989E29ACEE6A00DD4386 /* StartController.storyboard */; };
		43F80A6429A36ECD004A9895 /* TimerBrain.swift in Sources */ = {isa = PBXBuildFile; fileRef = 43F80A6329A36ECD004A9895 /* TimerBrain.swift */; };
		43F80A6629A374AA004A9895 /* UIButton + Extension.swift in Sources */ = {isa = PBXBuildFile; fileRef = 43F80A6529A374AA004A9895 /* UIButton + Extension.swift */; };
		43F80A6B29A37611004A9895 /* Extension + UIImage.swift in Sources */ = {isa = PBXBuildFile; fileRef = 43F80A6A29A37611004A9895 /* Extension + UIImage.swift */; };
/* End PBXBuildFile section */

/* Begin PBXFileReference section */
		285213F33B205B6A6E80B2EE /* Pods_Yellow_submarine.framework */ = {isa = PBXFileReference; explicitFileType = wrapper.framework; includeInIndex = 0; path = Pods_Yellow_submarine.framework; sourceTree = BUILT_PRODUCTS_DIR; };
		438A869929C5DCD600BFFAD1 /* AudioPlayerBrain.swift */ = {isa = PBXFileReference; lastKnownFileType = sourcecode.swift; path = AudioPlayerBrain.swift; sourceTree = "<group>"; };
		438BD05D29C492D6002D73F0 /* z.xcdatamodel */ = {isa = PBXFileReference; lastKnownFileType = wrapper.xcdatamodel; path = z.xcdatamodel; sourceTree = "<group>"; };
		43A9E3EA29AFB4C90044EA41 /* SettingsViewController.storyboard */ = {isa = PBXFileReference; lastKnownFileType = file.storyboard; path = SettingsViewController.storyboard; sourceTree = "<group>"; };
		43A9E3EC29AFCF5E0044EA41 /* RecordsViewController.storyboard */ = {isa = PBXFileReference; lastKnownFileType = file.storyboard; path = RecordsViewController.storyboard; sourceTree = "<group>"; };
		43BDBF51299FAE7E004C5B73 /* Yellow submarine.app */ = {isa = PBXFileReference; explicitFileType = wrapper.application; includeInIndex = 0; path = "Yellow submarine.app"; sourceTree = BUILT_PRODUCTS_DIR; };
		43BDBF54299FAE7E004C5B73 /* AppDelegate.swift */ = {isa = PBXFileReference; lastKnownFileType = sourcecode.swift; path = AppDelegate.swift; sourceTree = "<group>"; };
		43BDBF56299FAE7E004C5B73 /* SceneDelegate.swift */ = {isa = PBXFileReference; lastKnownFileType = sourcecode.swift; path = SceneDelegate.swift; sourceTree = "<group>"; };
		43BDBF5D299FAE80004C5B73 /* Assets.xcassets */ = {isa = PBXFileReference; lastKnownFileType = folder.assetcatalog; path = Assets.xcassets; sourceTree = "<group>"; };
		43BDBF62299FAE80004C5B73 /* Info.plist */ = {isa = PBXFileReference; lastKnownFileType = text.plist.xml; path = Info.plist; sourceTree = "<group>"; };
		43BDBF68299FAE9B004C5B73 /* GameViewController.storyboard */ = {isa = PBXFileReference; fileEncoding = 4; lastKnownFileType = file.storyboard; path = GameViewController.storyboard; sourceTree = "<group>"; };
		43BDBF6A299FAF21004C5B73 /* LaunchScreen.storyboard */ = {isa = PBXFileReference; fileEncoding = 4; lastKnownFileType = file.storyboard; path = LaunchScreen.storyboard; sourceTree = "<group>"; };
		43BDBF6F299FB02D004C5B73 /* GameViewController.swift */ = {isa = PBXFileReference; fileEncoding = 4; lastKnownFileType = sourcecode.swift; path = GameViewController.swift; sourceTree = "<group>"; };
		43BDBF71299FB033004C5B73 /* RecordsViewController.swift */ = {isa = PBXFileReference; fileEncoding = 4; lastKnownFileType = sourcecode.swift; path = RecordsViewController.swift; sourceTree = "<group>"; };
		43BDBF73299FB037004C5B73 /* StartGameViewController.swift */ = {isa = PBXFileReference; fileEncoding = 4; lastKnownFileType = sourcecode.swift; path = StartGameViewController.swift; sourceTree = "<group>"; };
		43BDBF75299FB03F004C5B73 /* SettingsViewController.swift */ = {isa = PBXFileReference; fileEncoding = 4; lastKnownFileType = sourcecode.swift; path = SettingsViewController.swift; sourceTree = "<group>"; };
		43BDBF89299FB33E004C5B73 /* MoveSingleTon.swift */ = {isa = PBXFileReference; fileEncoding = 4; lastKnownFileType = sourcecode.swift; path = MoveSingleTon.swift; sourceTree = "<group>"; };
		43BDBF91299FB3C7004C5B73 /* Settings.swift */ = {isa = PBXFileReference; fileEncoding = 4; lastKnownFileType = sourcecode.swift; path = Settings.swift; sourceTree = "<group>"; };
		43BDBF93299FB3C7004C5B73 /* RecordCell.swift */ = {isa = PBXFileReference; fileEncoding = 4; lastKnownFileType = sourcecode.swift; path = RecordCell.swift; sourceTree = "<group>"; };
		43BDBF95299FB3C7004C5B73 /* RecordsManager.swift */ = {isa = PBXFileReference; fileEncoding = 4; lastKnownFileType = sourcecode.swift; path = RecordsManager.swift; sourceTree = "<group>"; };
		43BDBFA2299FB42E004C5B73 /* submarineOst.mp3 */ = {isa = PBXFileReference; lastKnownFileType = audio.mp3; path = submarineOst.mp3; sourceTree = "<group>"; };
		43BDBFA4299FB46F004C5B73 /* UIview + Extension.swift */ = {isa = PBXFileReference; fileEncoding = 4; lastKnownFileType = sourcecode.swift; path = "UIview + Extension.swift"; sourceTree = "<group>"; };
		43F0989E29ACEE6A00DD4386 /* StartController.storyboard */ = {isa = PBXFileReference; lastKnownFileType = file.storyboard; path = StartController.storyboard; sourceTree = "<group>"; };
		43F80A6329A36ECD004A9895 /* TimerBrain.swift */ = {isa = PBXFileReference; lastKnownFileType = sourcecode.swift; path = TimerBrain.swift; sourceTree = "<group>"; };
		43F80A6529A374AA004A9895 /* UIButton + Extension.swift */ = {isa = PBXFileReference; fileEncoding = 4; lastKnownFileType = sourcecode.swift; path = "UIButton + Extension.swift"; sourceTree = "<group>"; };
		43F80A6A29A37611004A9895 /* Extension + UIImage.swift */ = {isa = PBXFileReference; fileEncoding = 4; lastKnownFileType = sourcecode.swift; path = "Extension + UIImage.swift"; sourceTree = "<group>"; };
		4728D2BD56212DB89B0CA547 /* Pods-Yellow submarine.debug.xcconfig */ = {isa = PBXFileReference; includeInIndex = 1; lastKnownFileType = text.xcconfig; name = "Pods-Yellow submarine.debug.xcconfig"; path = "Target Support Files/Pods-Yellow submarine/Pods-Yellow submarine.debug.xcconfig"; sourceTree = "<group>"; };
		8C446E14EDBEB83AABB5FD92 /* Pods-Yellow submarine.release.xcconfig */ = {isa = PBXFileReference; includeInIndex = 1; lastKnownFileType = text.xcconfig; name = "Pods-Yellow submarine.release.xcconfig"; path = "Target Support Files/Pods-Yellow submarine/Pods-Yellow submarine.release.xcconfig"; sourceTree = "<group>"; };
/* End PBXFileReference section */

/* Begin PBXFrameworksBuildPhase section */
		43BDBF4E299FAE7E004C5B73 /* Frameworks */ = {
			isa = PBXFrameworksBuildPhase;
			buildActionMask = 2147483647;
			files = (
				2C1B2A3E06B8ECDAC07CE288 /* Pods_Yellow_submarine.framework in Frameworks */,
			);
			runOnlyForDeploymentPostprocessing = 0;
		};
/* End PBXFrameworksBuildPhase section */

/* Begin PBXGroup section */
		438A869829C5CC3200BFFAD1 /* RecordViewController */ = {
			isa = PBXGroup;
			children = (
				43BDBF71299FB033004C5B73 /* RecordsViewController.swift */,
				43BDBF93299FB3C7004C5B73 /* RecordCell.swift */,
			);
			name = RecordViewController;
			sourceTree = "<group>";
		};
		438A869B29C5E11600BFFAD1 /* Player */ = {
			isa = PBXGroup;
			children = (
				43BDBFA2299FB42E004C5B73 /* submarineOst.mp3 */,
			);
			name = Player;
			sourceTree = "<group>";
		};
		43BDBF48299FAE7E004C5B73 = {
			isa = PBXGroup;
			children = (
				43BDBF53299FAE7E004C5B73 /* Yellow submarine */,
				43BDBF52299FAE7E004C5B73 /* Products */,
				9A4F1412E207F6148B0D2270 /* Pods */,
				82B1013C5B7EE2282EB2C703 /* Frameworks */,
			);
			sourceTree = "<group>";
		};
		43BDBF52299FAE7E004C5B73 /* Products */ = {
			isa = PBXGroup;
			children = (
				43BDBF51299FAE7E004C5B73 /* Yellow submarine.app */,
			);
			name = Products;
			sourceTree = "<group>";
		};
		43BDBF53299FAE7E004C5B73 /* Yellow submarine */ = {
			isa = PBXGroup;
			children = (
				43BDBF62299FAE80004C5B73 /* Info.plist */,
				43BDBF8F299FB3B0004C5B73 /* Model */,
				43BDBF6C299FAF37004C5B73 /* View */,
				43BDBF6E299FB021004C5B73 /* Controllers */,
				43BDBF6D299FAF3F004C5B73 /* Supporting */,
				43F80A6729A374C0004A9895 /* Resources */,
			);
			path = "Yellow submarine";
			sourceTree = "<group>";
		};
		43BDBF6C299FAF37004C5B73 /* View */ = {
			isa = PBXGroup;
			children = (
				43F0989E29ACEE6A00DD4386 /* StartController.storyboard */,
				43BDBF68299FAE9B004C5B73 /* GameViewController.storyboard */,
				43A9E3EA29AFB4C90044EA41 /* SettingsViewController.storyboard */,
				43A9E3EC29AFCF5E0044EA41 /* RecordsViewController.storyboard */,
			);
			path = View;
			sourceTree = "<group>";
		};
		43BDBF6D299FAF3F004C5B73 /* Supporting */ = {
			isa = PBXGroup;
			children = (
				43F80A6929A37544004A9895 /* Extension */,
				43F80A6829A37535004A9895 /* Application */,
				438A869B29C5E11600BFFAD1 /* Player */,
			);
			path = Supporting;
			sourceTree = "<group>";
		};
		43BDBF6E299FB021004C5B73 /* Controllers */ = {
			isa = PBXGroup;
			children = (
				43BDBF73299FB037004C5B73 /* StartGameViewController.swift */,
				43BDBF6F299FB02D004C5B73 /* GameViewController.swift */,
				43BDBF75299FB03F004C5B73 /* SettingsViewController.swift */,
				438A869829C5CC3200BFFAD1 /* RecordViewController */,
			);
			path = Controllers;
			sourceTree = "<group>";
		};
		43BDBF8F299FB3B0004C5B73 /* Model */ = {
			isa = PBXGroup;
			children = (
				43BDBF92299FB3C7004C5B73 /* Records */,
				43BDBF90299FB3C7004C5B73 /* Settings */,
				43BDBF89299FB33E004C5B73 /* MoveSingleTon.swift */,
				43F80A6329A36ECD004A9895 /* TimerBrain.swift */,
				438A869929C5DCD600BFFAD1 /* AudioPlayerBrain.swift */,
			);
			path = Model;
			sourceTree = "<group>";
		};
		43BDBF90299FB3C7004C5B73 /* Settings */ = {
			isa = PBXGroup;
			children = (
				43BDBF91299FB3C7004C5B73 /* Settings.swift */,
			);
			path = Settings;
			sourceTree = "<group>";
		};
		43BDBF92299FB3C7004C5B73 /* Records */ = {
			isa = PBXGroup;
			children = (
				438BD05C29C492D6002D73F0 /* RecordsData.xcdatamodeld */,
				43BDBF95299FB3C7004C5B73 /* RecordsManager.swift */,
			);
			path = Records;
			sourceTree = "<group>";
		};
		43F80A6729A374C0004A9895 /* Resources */ = {
			isa = PBXGroup;
			children = (
				43BDBF6A299FAF21004C5B73 /* LaunchScreen.storyboard */,
				43BDBF5D299FAE80004C5B73 /* Assets.xcassets */,
			);
			path = Resources;
			sourceTree = "<group>";
		};
		43F80A6829A37535004A9895 /* Application */ = {
			isa = PBXGroup;
			children = (
				43BDBF54299FAE7E004C5B73 /* AppDelegate.swift */,
				43BDBF56299FAE7E004C5B73 /* SceneDelegate.swift */,
			);
			path = Application;
			sourceTree = "<group>";
		};
		43F80A6929A37544004A9895 /* Extension */ = {
			isa = PBXGroup;
			children = (
				43BDBFA4299FB46F004C5B73 /* UIview + Extension.swift */,
				43F80A6529A374AA004A9895 /* UIButton + Extension.swift */,
				43F80A6A29A37611004A9895 /* Extension + UIImage.swift */,
			);
			path = Extension;
			sourceTree = "<group>";
		};
		82B1013C5B7EE2282EB2C703 /* Frameworks */ = {
			isa = PBXGroup;
			children = (
				285213F33B205B6A6E80B2EE /* Pods_Yellow_submarine.framework */,
			);
			name = Frameworks;
			sourceTree = "<group>";
		};
		9A4F1412E207F6148B0D2270 /* Pods */ = {
			isa = PBXGroup;
			children = (
				4728D2BD56212DB89B0CA547 /* Pods-Yellow submarine.debug.xcconfig */,
				8C446E14EDBEB83AABB5FD92 /* Pods-Yellow submarine.release.xcconfig */,
			);
			path = Pods;
			sourceTree = "<group>";
		};
/* End PBXGroup section */

/* Begin PBXNativeTarget section */
		43BDBF50299FAE7E004C5B73 /* Yellow submarine */ = {
			isa = PBXNativeTarget;
			buildConfigurationList = 43BDBF65299FAE80004C5B73 /* Build configuration list for PBXNativeTarget "Yellow submarine" */;
			buildPhases = (
				C4B324C98C51C385E15418AB /* [CP] Check Pods Manifest.lock */,
				435CE28229C47B170062A570 /* SwiftLint */,
				43BDBF4D299FAE7E004C5B73 /* Sources */,
				43BDBF4E299FAE7E004C5B73 /* Frameworks */,
				43BDBF4F299FAE7E004C5B73 /* Resources */,
			);
			buildRules = (
			);
			dependencies = (
			);
			name = "Yellow submarine";
			productName = "Yellow submarine";
			productReference = 43BDBF51299FAE7E004C5B73 /* Yellow submarine.app */;
			productType = "com.apple.product-type.application";
		};
/* End PBXNativeTarget section */

/* Begin PBXProject section */
		43BDBF49299FAE7E004C5B73 /* Project object */ = {
			isa = PBXProject;
			attributes = {
				BuildIndependentTargetsInParallel = 1;
				LastSwiftUpdateCheck = 1420;
				LastUpgradeCheck = 1420;
				TargetAttributes = {
					43BDBF50299FAE7E004C5B73 = {
						CreatedOnToolsVersion = 14.2;
					};
				};
			};
			buildConfigurationList = 43BDBF4C299FAE7E004C5B73 /* Build configuration list for PBXProject "Yellow submarine" */;
			compatibilityVersion = "Xcode 14.0";
			developmentRegion = en;
			hasScannedForEncodings = 0;
			knownRegions = (
				en,
				Base,
			);
			mainGroup = 43BDBF48299FAE7E004C5B73;
			productRefGroup = 43BDBF52299FAE7E004C5B73 /* Products */;
			projectDirPath = "";
			projectRoot = "";
			targets = (
				43BDBF50299FAE7E004C5B73 /* Yellow submarine */,
			);
		};
/* End PBXProject section */

/* Begin PBXResourcesBuildPhase section */
		43BDBF4F299FAE7E004C5B73 /* Resources */ = {
			isa = PBXResourcesBuildPhase;
			buildActionMask = 2147483647;
			files = (
				43A9E3EB29AFB4C90044EA41 /* SettingsViewController.storyboard in Resources */,
				43BDBF6B299FAF21004C5B73 /* LaunchScreen.storyboard in Resources */,
				43A9E3ED29AFCF5E0044EA41 /* RecordsViewController.storyboard in Resources */,
				43BDBF69299FAE9C004C5B73 /* GameViewController.storyboard in Resources */,
				43BDBFA3299FB42E004C5B73 /* submarineOst.mp3 in Resources */,
				43F0989F29ACEE6A00DD4386 /* StartController.storyboard in Resources */,
				43BDBF5E299FAE80004C5B73 /* Assets.xcassets in Resources */,
			);
			runOnlyForDeploymentPostprocessing = 0;
		};
/* End PBXResourcesBuildPhase section */

/* Begin PBXShellScriptBuildPhase section */
		435CE28229C47B170062A570 /* SwiftLint */ = {
			isa = PBXShellScriptBuildPhase;
			alwaysOutOfDate = 1;
			buildActionMask = 12;
			files = (
			);
			inputFileListPaths = (
			);
			inputPaths = (
			);
			name = SwiftLint;
			outputFileListPaths = (
			);
			outputPaths = (
			);
			runOnlyForDeploymentPostprocessing = 0;
			shellPath = /bin/sh;
			shellScript = "export PATH=\"$PATH:/opt/homebrew/bin\"\nif which swiftlint > /dev/null; then\n  swiftlint\nelse\n  echo \"warning: SwiftLint not installed, download from https://github.com/realm/SwiftLint\"\nfi\n";
		};
		C4B324C98C51C385E15418AB /* [CP] Check Pods Manifest.lock */ = {
			isa = PBXShellScriptBuildPhase;
			buildActionMask = 2147483647;
			files = (
			);
			inputFileListPaths = (
			);
			inputPaths = (
				"${PODS_PODFILE_DIR_PATH}/Podfile.lock",
				"${PODS_ROOT}/Manifest.lock",
			);
			name = "[CP] Check Pods Manifest.lock";
			outputFileListPaths = (
			);
			outputPaths = (
				"$(DERIVED_FILE_DIR)/Pods-Yellow submarine-checkManifestLockResult.txt",
			);
			runOnlyForDeploymentPostprocessing = 0;
			shellPath = /bin/sh;
			shellScript = "diff \"${PODS_PODFILE_DIR_PATH}/Podfile.lock\" \"${PODS_ROOT}/Manifest.lock\" > /dev/null\nif [ $? != 0 ] ; then\n    # print error to STDERR\n    echo \"error: The sandbox is not in sync with the Podfile.lock. Run 'pod install' or update your CocoaPods installation.\" >&2\n    exit 1\nfi\n# This output is used by Xcode 'outputs' to avoid re-running this script phase.\necho \"SUCCESS\" > \"${SCRIPT_OUTPUT_FILE_0}\"\n";
			showEnvVarsInLog = 0;
		};
/* End PBXShellScriptBuildPhase section */

/* Begin PBXSourcesBuildPhase section */
		43BDBF4D299FAE7E004C5B73 /* Sources */ = {
			isa = PBXSourcesBuildPhase;
			buildActionMask = 2147483647;
			files = (
				438BD05E29C492D6002D73F0 /* RecordsData.xcdatamodeld in Sources */,
				43BDBF8A299FB33E004C5B73 /* MoveSingleTon.swift in Sources */,
				43BDBF9D299FB3C8004C5B73 /* RecordsManager.swift in Sources */,
				43BDBF70299FB02D004C5B73 /* GameViewController.swift in Sources */,
				43BDBF55299FAE7E004C5B73 /* AppDelegate.swift in Sources */,
				43BDBF9A299FB3C8004C5B73 /* Settings.swift in Sources */,
				43F80A6629A374AA004A9895 /* UIButton + Extension.swift in Sources */,
				43BDBF57299FAE7E004C5B73 /* SceneDelegate.swift in Sources */,
				43BDBF74299FB037004C5B73 /* StartGameViewController.swift in Sources */,
				43BDBF72299FB033004C5B73 /* RecordsViewController.swift in Sources */,
				43BDBFA5299FB46F004C5B73 /* UIview + Extension.swift in Sources */,
				43F80A6429A36ECD004A9895 /* TimerBrain.swift in Sources */,
				438A869A29C5DCD600BFFAD1 /* AudioPlayerBrain.swift in Sources */,
				43BDBF76299FB03F004C5B73 /* SettingsViewController.swift in Sources */,
				43F80A6B29A37611004A9895 /* Extension + UIImage.swift in Sources */,
				43BDBF9B299FB3C8004C5B73 /* RecordCell.swift in Sources */,
			);
			runOnlyForDeploymentPostprocessing = 0;
		};
/* End PBXSourcesBuildPhase section */

/* Begin XCBuildConfiguration section */
		43BDBF63299FAE80004C5B73 /* Debug */ = {
			isa = XCBuildConfiguration;
			buildSettings = {
				ALWAYS_SEARCH_USER_PATHS = NO;
				CLANG_ANALYZER_NONNULL = YES;
				CLANG_ANALYZER_NUMBER_OBJECT_CONVERSION = YES_AGGRESSIVE;
				CLANG_CXX_LANGUAGE_STANDARD = "gnu++20";
				CLANG_ENABLE_MODULES = YES;
				CLANG_ENABLE_OBJC_ARC = YES;
				CLANG_ENABLE_OBJC_WEAK = YES;
				CLANG_WARN_BLOCK_CAPTURE_AUTORELEASING = YES;
				CLANG_WARN_BOOL_CONVERSION = YES;
				CLANG_WARN_COMMA = YES;
				CLANG_WARN_CONSTANT_CONVERSION = YES;
				CLANG_WARN_DEPRECATED_OBJC_IMPLEMENTATIONS = YES;
				CLANG_WARN_DIRECT_OBJC_ISA_USAGE = YES_ERROR;
				CLANG_WARN_DOCUMENTATION_COMMENTS = YES;
				CLANG_WARN_EMPTY_BODY = YES;
				CLANG_WARN_ENUM_CONVERSION = YES;
				CLANG_WARN_INFINITE_RECURSION = YES;
				CLANG_WARN_INT_CONVERSION = YES;
				CLANG_WARN_NON_LITERAL_NULL_CONVERSION = YES;
				CLANG_WARN_OBJC_IMPLICIT_RETAIN_SELF = YES;
				CLANG_WARN_OBJC_LITERAL_CONVERSION = YES;
				CLANG_WARN_OBJC_ROOT_CLASS = YES_ERROR;
				CLANG_WARN_QUOTED_INCLUDE_IN_FRAMEWORK_HEADER = YES;
				CLANG_WARN_RANGE_LOOP_ANALYSIS = YES;
				CLANG_WARN_STRICT_PROTOTYPES = YES;
				CLANG_WARN_SUSPICIOUS_MOVE = YES;
				CLANG_WARN_UNGUARDED_AVAILABILITY = YES_AGGRESSIVE;
				CLANG_WARN_UNREACHABLE_CODE = YES;
				CLANG_WARN__DUPLICATE_METHOD_MATCH = YES;
				COPY_PHASE_STRIP = NO;
				DEBUG_INFORMATION_FORMAT = dwarf;
				ENABLE_STRICT_OBJC_MSGSEND = YES;
				ENABLE_TESTABILITY = YES;
				GCC_C_LANGUAGE_STANDARD = gnu11;
				GCC_DYNAMIC_NO_PIC = NO;
				GCC_NO_COMMON_BLOCKS = YES;
				GCC_OPTIMIZATION_LEVEL = 0;
				GCC_PREPROCESSOR_DEFINITIONS = (
					"DEBUG=1",
					"$(inherited)",
				);
				GCC_WARN_64_TO_32_BIT_CONVERSION = YES;
				GCC_WARN_ABOUT_RETURN_TYPE = YES_ERROR;
				GCC_WARN_UNDECLARED_SELECTOR = YES;
				GCC_WARN_UNINITIALIZED_AUTOS = YES_AGGRESSIVE;
				GCC_WARN_UNUSED_FUNCTION = YES;
				GCC_WARN_UNUSED_VARIABLE = YES;
				IPHONEOS_DEPLOYMENT_TARGET = 16.2;
				MTL_ENABLE_DEBUG_INFO = INCLUDE_SOURCE;
				MTL_FAST_MATH = YES;
				ONLY_ACTIVE_ARCH = YES;
				SDKROOT = iphoneos;
				SWIFT_ACTIVE_COMPILATION_CONDITIONS = DEBUG;
				SWIFT_OPTIMIZATION_LEVEL = "-Onone";
			};
			name = Debug;
		};
		43BDBF64299FAE80004C5B73 /* Release */ = {
			isa = XCBuildConfiguration;
			buildSettings = {
				ALWAYS_SEARCH_USER_PATHS = NO;
				CLANG_ANALYZER_NONNULL = YES;
				CLANG_ANALYZER_NUMBER_OBJECT_CONVERSION = YES_AGGRESSIVE;
				CLANG_CXX_LANGUAGE_STANDARD = "gnu++20";
				CLANG_ENABLE_MODULES = YES;
				CLANG_ENABLE_OBJC_ARC = YES;
				CLANG_ENABLE_OBJC_WEAK = YES;
				CLANG_WARN_BLOCK_CAPTURE_AUTORELEASING = YES;
				CLANG_WARN_BOOL_CONVERSION = YES;
				CLANG_WARN_COMMA = YES;
				CLANG_WARN_CONSTANT_CONVERSION = YES;
				CLANG_WARN_DEPRECATED_OBJC_IMPLEMENTATIONS = YES;
				CLANG_WARN_DIRECT_OBJC_ISA_USAGE = YES_ERROR;
				CLANG_WARN_DOCUMENTATION_COMMENTS = YES;
				CLANG_WARN_EMPTY_BODY = YES;
				CLANG_WARN_ENUM_CONVERSION = YES;
				CLANG_WARN_INFINITE_RECURSION = YES;
				CLANG_WARN_INT_CONVERSION = YES;
				CLANG_WARN_NON_LITERAL_NULL_CONVERSION = YES;
				CLANG_WARN_OBJC_IMPLICIT_RETAIN_SELF = YES;
				CLANG_WARN_OBJC_LITERAL_CONVERSION = YES;
				CLANG_WARN_OBJC_ROOT_CLASS = YES_ERROR;
				CLANG_WARN_QUOTED_INCLUDE_IN_FRAMEWORK_HEADER = YES;
				CLANG_WARN_RANGE_LOOP_ANALYSIS = YES;
				CLANG_WARN_STRICT_PROTOTYPES = YES;
				CLANG_WARN_SUSPICIOUS_MOVE = YES;
				CLANG_WARN_UNGUARDED_AVAILABILITY = YES_AGGRESSIVE;
				CLANG_WARN_UNREACHABLE_CODE = YES;
				CLANG_WARN__DUPLICATE_METHOD_MATCH = YES;
				COPY_PHASE_STRIP = NO;
				DEBUG_INFORMATION_FORMAT = "dwarf-with-dsym";
				ENABLE_NS_ASSERTIONS = NO;
				ENABLE_STRICT_OBJC_MSGSEND = YES;
				GCC_C_LANGUAGE_STANDARD = gnu11;
				GCC_NO_COMMON_BLOCKS = YES;
				GCC_WARN_64_TO_32_BIT_CONVERSION = YES;
				GCC_WARN_ABOUT_RETURN_TYPE = YES_ERROR;
				GCC_WARN_UNDECLARED_SELECTOR = YES;
				GCC_WARN_UNINITIALIZED_AUTOS = YES_AGGRESSIVE;
				GCC_WARN_UNUSED_FUNCTION = YES;
				GCC_WARN_UNUSED_VARIABLE = YES;
				IPHONEOS_DEPLOYMENT_TARGET = 16.2;
				MTL_ENABLE_DEBUG_INFO = NO;
				MTL_FAST_MATH = YES;
				SDKROOT = iphoneos;
				SWIFT_COMPILATION_MODE = wholemodule;
				SWIFT_OPTIMIZATION_LEVEL = "-O";
				VALIDATE_PRODUCT = YES;
			};
			name = Release;
		};
		43BDBF66299FAE80004C5B73 /* Debug */ = {
			isa = XCBuildConfiguration;
			baseConfigurationReference = 4728D2BD56212DB89B0CA547 /* Pods-Yellow submarine.debug.xcconfig */;
			buildSettings = {
				ASSETCATALOG_COMPILER_APPICON_NAME = AppIcon;
				ASSETCATALOG_COMPILER_GLOBAL_ACCENT_COLOR_NAME = AccentColor;
				CODE_SIGN_STYLE = Automatic;
				CURRENT_PROJECT_VERSION = 1;
				DEVELOPMENT_TEAM = 5K6Q3VCR94;
				GENERATE_INFOPLIST_FILE = YES;
				INFOPLIST_FILE = "Yellow submarine/Info.plist";
				INFOPLIST_KEY_UIApplicationSupportsIndirectInputEvents = YES;
				INFOPLIST_KEY_UILaunchStoryboardName = LaunchScreen;
				INFOPLIST_KEY_UIMainStoryboardFile = StartController;
				INFOPLIST_KEY_UISupportedInterfaceOrientations_iPad = "UIInterfaceOrientationPortrait UIInterfaceOrientationPortraitUpsideDown UIInterfaceOrientationLandscapeLeft UIInterfaceOrientationLandscapeRight";
				INFOPLIST_KEY_UISupportedInterfaceOrientations_iPhone = "UIInterfaceOrientationPortrait UIInterfaceOrientationLandscapeLeft UIInterfaceOrientationLandscapeRight";
				LD_RUNPATH_SEARCH_PATHS = (
					"$(inherited)",
					"@executable_path/Frameworks",
				);
				MARKETING_VERSION = 1.0;
				PRODUCT_BUNDLE_IDENTIFIER = "Frinantelin.com.Yellow-submarine";
				PRODUCT_NAME = "$(TARGET_NAME)";
				SUPPORTED_PLATFORMS = "iphoneos iphonesimulator";
				SUPPORTS_MACCATALYST = NO;
				SUPPORTS_MAC_DESIGNED_FOR_IPHONE_IPAD = NO;
				SWIFT_EMIT_LOC_STRINGS = YES;
				SWIFT_VERSION = 5.0;
				TARGETED_DEVICE_FAMILY = 1;
			};
			name = Debug;
		};
		43BDBF67299FAE80004C5B73 /* Release */ = {
			isa = XCBuildConfiguration;
			baseConfigurationReference = 8C446E14EDBEB83AABB5FD92 /* Pods-Yellow submarine.release.xcconfig */;
			buildSettings = {
				ASSETCATALOG_COMPILER_APPICON_NAME = AppIcon;
				ASSETCATALOG_COMPILER_GLOBAL_ACCENT_COLOR_NAME = AccentColor;
				CODE_SIGN_STYLE = Automatic;
				CURRENT_PROJECT_VERSION = 1;
				DEVELOPMENT_TEAM = 5K6Q3VCR94;
				GENERATE_INFOPLIST_FILE = YES;
				INFOPLIST_FILE = "Yellow submarine/Info.plist";
				INFOPLIST_KEY_UIApplicationSupportsIndirectInputEvents = YES;
				INFOPLIST_KEY_UILaunchStoryboardName = LaunchScreen;
				INFOPLIST_KEY_UIMainStoryboardFile = StartController;
				INFOPLIST_KEY_UISupportedInterfaceOrientations_iPad = "UIInterfaceOrientationPortrait UIInterfaceOrientationPortraitUpsideDown UIInterfaceOrientationLandscapeLeft UIInterfaceOrientationLandscapeRight";
				INFOPLIST_KEY_UISupportedInterfaceOrientations_iPhone = "UIInterfaceOrientationPortrait UIInterfaceOrientationLandscapeLeft UIInterfaceOrientationLandscapeRight";
				LD_RUNPATH_SEARCH_PATHS = (
					"$(inherited)",
					"@executable_path/Frameworks",
				);
				MARKETING_VERSION = 1.0;
				PRODUCT_BUNDLE_IDENTIFIER = "Frinantelin.com.Yellow-submarine";
				PRODUCT_NAME = "$(TARGET_NAME)";
				SUPPORTED_PLATFORMS = "iphoneos iphonesimulator";
				SUPPORTS_MACCATALYST = NO;
				SUPPORTS_MAC_DESIGNED_FOR_IPHONE_IPAD = NO;
				SWIFT_EMIT_LOC_STRINGS = YES;
				SWIFT_VERSION = 5.0;
				TARGETED_DEVICE_FAMILY = 1;
			};
			name = Release;
		};
/* End XCBuildConfiguration section */

/* Begin XCConfigurationList section */
		43BDBF4C299FAE7E004C5B73 /* Build configuration list for PBXProject "Yellow submarine" */ = {
			isa = XCConfigurationList;
			buildConfigurations = (
				43BDBF63299FAE80004C5B73 /* Debug */,
				43BDBF64299FAE80004C5B73 /* Release */,
			);
			defaultConfigurationIsVisible = 0;
			defaultConfigurationName = Release;
		};
		43BDBF65299FAE80004C5B73 /* Build configuration list for PBXNativeTarget "Yellow submarine" */ = {
			isa = XCConfigurationList;
			buildConfigurations = (
				43BDBF66299FAE80004C5B73 /* Debug */,
				43BDBF67299FAE80004C5B73 /* Release */,
			);
			defaultConfigurationIsVisible = 0;
			defaultConfigurationName = Release;
		};
/* End XCConfigurationList section */

/* Begin XCVersionGroup section */
		438BD05C29C492D6002D73F0 /* RecordsData.xcdatamodeld */ = {
			isa = XCVersionGroup;
			children = (
				438BD05D29C492D6002D73F0 /* z.xcdatamodel */,
			);
			currentVersion = 438BD05D29C492D6002D73F0 /* z.xcdatamodel */;
			path = RecordsData.xcdatamodeld;
			sourceTree = "<group>";
			versionGroupType = wrapper.xcdatamodel;
		};
/* End XCVersionGroup section */
	};
	rootObject = 43BDBF49299FAE7E004C5B73 /* Project object */;
}
